
Microsoft Visual Studio Solution File, Format Version 12.00
# Visual Studio Version 17
VisualStudioVersion = 17.9.34728.123
MinimumVisualStudioVersion = 10.0.40219.1
Project("{8BC9CEB8-8B4A-11D0-8D11-00A0C91BC942}") = "TelegramViewerApp", "TelegramViewerApp.vcxproj", "{51A5EC7B-635E-4E1F-903F-247C4FE9158C}"
	ProjectSection(ProjectDependencies) = postProject
		{8E530241-26BD-4E42-9015-8562490D7C06} = {8E530241-26BD-4E42-9015-8562490D7C06}
	EndProjectSection
EndProject
Project("{8BC9CEB8-8B4A-11D0-8D11-00A0C91BC942}") = "parser", "TelegramQuickView\src\core\parser\parser.vcxproj", "{8E530241-26BD-4E42-9015-8562490D7C06}"
EndProject
Global
	GlobalSection(SolutionConfigurationPlatforms) = preSolution
		Debug|x64 = Debug|x64
		Debug|x86 = Debug|x86
		Release|x64 = Release|x64
		Release|x86 = Release|x86
	EndGlobalSection
	GlobalSection(ProjectConfigurationPlatforms) = postSolution
		{51A5EC7B-635E-4E1F-903F-247C4FE9158C}.Debug|x64.ActiveCfg = Debug|x64
		{51A5EC7B-635E-4E1F-903F-247C4FE9158C}.Debug|x64.Build.0 = Debug|x64
		{51A5EC7B-635E-4E1F-903F-247C4FE9158C}.Debug|x86.ActiveCfg = Debug|x64
		{51A5EC7B-635E-4E1F-903F-247C4FE9158C}.Debug|x86.Build.0 = Debug|x64
		{51A5EC7B-635E-4E1F-903F-247C4FE9158C}.Release|x64.ActiveCfg = Release|x64
		{51A5EC7B-635E-4E1F-903F-247C4FE9158C}.Release|x64.Build.0 = Release|x64
		{51A5EC7B-635E-4E1F-903F-247C4FE9158C}.Release|x86.ActiveCfg = Release|x64
		{51A5EC7B-635E-4E1F-903F-247C4FE9158C}.Release|x86.Build.0 = Release|x64
		{8E530241-26BD-4E42-9015-8562490D7C06}.Debug|x64.ActiveCfg = Debug|x64
		{8E530241-26BD-4E42-9015-8562490D7C06}.Debug|x64.Build.0 = Debug|x64
		{8E530241-26BD-4E42-9015-8562490D7C06}.Debug|x86.ActiveCfg = Debug|Win32
		{8E530241-26BD-4E42-9015-8562490D7C06}.Debug|x86.Build.0 = Debug|Win32
		{8E530241-26BD-4E42-9015-8562490D7C06}.Release|x64.ActiveCfg = Release|x64
		{8E530241-26BD-4E42-9015-8562490D7C06}.Release|x64.Build.0 = Release|x64
		{8E530241-26BD-4E42-9015-8562490D7C06}.Release|x86.ActiveCfg = Release|Win32
		{8E530241-26BD-4E42-9015-8562490D7C06}.Release|x86.Build.0 = Release|Win32
	EndGlobalSection
	GlobalSection(SolutionProperties) = preSolution
		HideSolutionNode = FALSE
	EndGlobalSection
	GlobalSection(ExtensibilityGlobals) = postSolution
		SolutionGuid = {C5AF4503-6183-4FF3-BA55-B32E1FD3C009}
	EndGlobalSection
EndGlobal
